// !$*UTF8*$!
{
	archiveVersion = 1;
	classes = {
	};
	objectVersion = 55;
	objects = {

/* Begin PBXBuildFile section */
		91D37A2F286DDE6C003FD663 /* AppDelegate.swift in Sources */ = {isa = PBXBuildFile; fileRef = 91D37A2E286DDE6C003FD663 /* AppDelegate.swift */; };
		91D37A31286DDE6C003FD663 /* SceneDelegate.swift in Sources */ = {isa = PBXBuildFile; fileRef = 91D37A30286DDE6C003FD663 /* SceneDelegate.swift */; };
		91D37A33286DDE6C003FD663 /* ViewController.swift in Sources */ = {isa = PBXBuildFile; fileRef = 91D37A32286DDE6C003FD663 /* ViewController.swift */; };
		91D37A36286DDE6C003FD663 /* Main.storyboard in Resources */ = {isa = PBXBuildFile; fileRef = 91D37A34286DDE6C003FD663 /* Main.storyboard */; };
		91D37A38286DDE6D003FD663 /* Assets.xcassets in Resources */ = {isa = PBXBuildFile; fileRef = 91D37A37286DDE6D003FD663 /* Assets.xcassets */; };
		91D37A3B286DDE6D003FD663 /* LaunchScreen.storyboard in Resources */ = {isa = PBXBuildFile; fileRef = 91D37A39286DDE6D003FD663 /* LaunchScreen.storyboard */; };
		91D37A43286DFA10003FD663 /* InfoScreen.swift in Sources */ = {isa = PBXBuildFile; fileRef = 91D37A42286DFA10003FD663 /* InfoScreen.swift */; };
/* End PBXBuildFile section */

/* Begin PBXFileReference section */
		91D37A2B286DDE6C003FD663 /* tableViews.app */ = {isa = PBXFileReference; explicitFileType = wrapper.application; includeInIndex = 0; path = tableViews.app; sourceTree = BUILT_PRODUCTS_DIR; };
		91D37A2E286DDE6C003FD663 /* AppDelegate.swift */ = {isa = PBXFileReference; lastKnownFileType = sourcecode.swift; path = AppDelegate.swift; sourceTree = "<group>"; };
		91D37A30286DDE6C003FD663 /* SceneDelegate.swift */ = {isa = PBXFileReference; lastKnownFileType = sourcecode.swift; path = SceneDelegate.swift; sourceTree = "<group>"; };
		91D37A32286DDE6C003FD663 /* ViewController.swift */ = {isa = PBXFileReference; lastKnownFileType = sourcecode.swift; path = ViewController.swift; sourceTree = "<group>"; };
		91D37A35286DDE6C003FD663 /* Base */ = {isa = PBXFileReference; lastKnownFileType = file.storyboard; name = Base; path = Base.lproj/Main.storyboard; sourceTree = "<group>"; };
		91D37A37286DDE6D003FD663 /* Assets.xcassets */ = {isa = PBXFileReference; lastKnownFileType = folder.assetcatalog; path = Assets.xcassets; sourceTree = "<group>"; };
		91D37A3A286DDE6D003FD663 /* Base */ = {isa = PBXFileReference; lastKnownFileType = file.storyboard; name = Base; path = Base.lproj/LaunchScreen.storyboard; sourceTree = "<group>"; };
		91D37A3C286DDE6D003FD663 /* Info.plist */ = {isa = PBXFileReference; lastKnownFileType = text.plist.xml; path = Info.plist; sourceTree = "<group>"; };
		91D37A42286DFA10003FD663 /* InfoScreen.swift */ = {isa = PBXFileReference; lastKnownFileType = sourcecode.swift; path = InfoScreen.swift; sourceTree = "<group>"; };
/* End PBXFileReference section */

/* Begin PBXFrameworksBuildPhase section */
		91D37A28286DDE6C003FD663 /* Frameworks */ = {
			isa = PBXFrameworksBuildPhase;
			buildActionMask = 2147483647;
			files = (
			);
			runOnlyForDeploymentPostprocessing = 0;
		};
/* End PBXFrameworksBuildPhase section */

/* Begin PBXGroup section */
		91D37A22286DDE6C003FD663 = {
			isa = PBXGroup;
			children = (
				91D37A2D286DDE6C003FD663 /* tableViews */,
				91D37A2C286DDE6C003FD663 /* Products */,
			);
			sourceTree = "<group>";
		};
		91D37A2C286DDE6C003FD663 /* Products */ = {
			isa = PBXGroup;
			children = (
				91D37A2B286DDE6C003FD663 /* tableViews.app */,
			);
			name = Products;
			sourceTree = "<group>";
		};
		91D37A2D286DDE6C003FD663 /* tableViews */ = {
			isa = PBXGroup;
			children = (
				91D37A2E286DDE6C003FD663 /* AppDelegate.swift */,
				91D37A30286DDE6C003FD663 /* SceneDelegate.swift */,
				91D37A32286DDE6C003FD663 /* ViewController.swift */,
				91D37A42286DFA10003FD663 /* InfoScreen.swift */,
				91D37A34286DDE6C003FD663 /* Main.storyboard */,
				91D37A37286DDE6D003FD663 /* Assets.xcassets */,
				91D37A39286DDE6D003FD663 /* LaunchScreen.storyboard */,
				91D37A3C286DDE6D003FD663 /* Info.plist */,
			);
			path = tableViews;
			sourceTree = "<group>";
		};
/* End PBXGroup section */

/* Begin PBXNativeTarget section */
		91D37A2A286DDE6C003FD663 /* tableViews */ = {
			isa = PBXNativeTarget;
			buildConfigurationList = 91D37A3F286DDE6D003FD663 /* Build configuration list for PBXNativeTarget "tableViews" */;
			buildPhases = (
				91D37A27286DDE6C003FD663 /* Sources */,
				91D37A28286DDE6C003FD663 /* Frameworks */,
				91D37A29286DDE6C003FD663 /* Resources */,
			);
			buildRules = (
			);
			dependencies = (
			);
			name = tableViews;
			productName = tableViews;
			productReference = 91D37A2B286DDE6C003FD663 /* tableViews.app */;
			productType = "com.apple.product-type.application";
		};
/* End PBXNativeTarget section */

/* Begin PBXProject section */
		91D37A23286DDE6C003FD663 /* Project object */ = {
			isa = PBXProject;
			attributes = {
				BuildIndependentTargetsInParallel = 1;
				LastSwiftUpdateCheck = 1340;
				LastUpgradeCheck = 1340;
				TargetAttributes = {
					91D37A2A286DDE6C003FD663 = {
						CreatedOnToolsVersion = 13.4.1;
					};
				};
			};
			buildConfigurationList = 91D37A26286DDE6C003FD663 /* Build configuration list for PBXProject "tableViews" */;
			compatibilityVersion = "Xcode 13.0";
			developmentRegion = en;
			hasScannedForEncodings = 0;
			knownRegions = (
				en,
				Base,
			);
			mainGroup = 91D37A22286DDE6C003FD663;
			productRefGroup = 91D37A2C286DDE6C003FD663 /* Products */;
			projectDirPath = "";
			projectRoot = "";
			targets = (
				91D37A2A286DDE6C003FD663 /* tableViews */,
			);
		};
/* End PBXProject section */

/* Begin PBXResourcesBuildPhase section */
		91D37A29286DDE6C003FD663 /* Resources */ = {
			isa = PBXResourcesBuildPhase;
			buildActionMask = 2147483647;
			files = (
				91D37A3B286DDE6D003FD663 /* LaunchScreen.storyboard in Resources */,
				91D37A38286DDE6D003FD663 /* Assets.xcassets in Resources */,
				91D37A36286DDE6C003FD663 /* Main.storyboard in Resources */,
			);
			runOnlyForDeploymentPostprocessing = 0;
		};
/* End PBXResourcesBuildPhase section */

/* Begin PBXSourcesBuildPhase section */
		91D37A27286DDE6C003FD663 /* Sources */ = {
			isa = PBXSourcesBuildPhase;
			buildActionMask = 2147483647;
			files = (
				91D37A33286DDE6C003FD663 /* ViewController.swift in Sources */,
				91D37A2F286DDE6C003FD663 /* AppDelegate.swift in Sources */,
				91D37A31286DDE6C003FD663 /* SceneDelegate.swift in Sources */,
				91D37A43286DFA10003FD663 /* InfoScreen.swift in Sources */,
			);
			runOnlyForDeploymentPostprocessing = 0;
		};
/* End PBXSourcesBuildPhase section */

/* Begin PBXVariantGroup section */
		91D37A34286DDE6C003FD663 /* Main.storyboard */ = {
			isa = PBXVariantGroup;
			children = (
				91D37A35286DDE6C003FD663 /* Base */,
			);
			name = Main.storyboard;
			sourceTree = "<group>";
		};
		91D37A39286DDE6D003FD663 /* LaunchScreen.storyboard */ = {
			isa = PBXVariantGroup;
			children = (
				91D37A3A286DDE6D003FD663 /* Base */,
			);
			name = LaunchScreen.storyboard;
			sourceTree = "<group>";
		};
/* End PBXVariantGroup section */

/* Begin XCBuildConfiguration section */
		91D37A3D286DDE6D003FD663 /* Debug */ = {
			isa = XCBuildConfiguration;
			buildSettings = {
				ALWAYS_SEARCH_USER_PATHS = NO;
				CLANG_ANALYZER_NONNULL = YES;
				CLANG_ANALYZER_NUMBER_OBJECT_CONVERSION = YES_AGGRESSIVE;
				CLANG_CXX_LANGUAGE_STANDARD = "gnu++17";
				CLANG_ENABLE_MODULES = YES;
				CLANG_ENABLE_OBJC_ARC = YES;
				CLANG_ENABLE_OBJC_WEAK = YES;
				CLANG_WARN_BLOCK_CAPTURE_AUTORELEASING = YES;
				CLANG_WARN_BOOL_CONVERSION = YES;
				CLANG_WARN_COMMA = YES;
				CLANG_WARN_CONSTANT_CONVERSION = YES;
				CLANG_WARN_DEPRECATED_OBJC_IMPLEMENTATIONS = YES;
				CLANG_WARN_DIRECT_OBJC_ISA_USAGE = YES_ERROR;
				CLANG_WARN_DOCUMENTATION_COMMENTS = YES;
				CLANG_WARN_EMPTY_BODY = YES;
				CLANG_WARN_ENUM_CONVERSION = YES;
				CLANG_WARN_INFINITE_RECURSION = YES;
				CLANG_WARN_INT_CONVERSION = YES;
				CLANG_WARN_NON_LITERAL_NULL_CONVERSION = YES;
				CLANG_WARN_OBJC_IMPLICIT_RETAIN_SELF = YES;
				CLANG_WARN_OBJC_LITERAL_CONVERSION = YES;
				CLANG_WARN_OBJC_ROOT_CLASS = YES_ERROR;
				CLANG_WARN_QUOTED_INCLUDE_IN_FRAMEWORK_HEADER = YES;
				CLANG_WARN_RANGE_LOOP_ANALYSIS = YES;
				CLANG_WARN_STRICT_PROTOTYPES = YES;
				CLANG_WARN_SUSPICIOUS_MOVE = YES;
				CLANG_WARN_UNGUARDED_AVAILABILITY = YES_AGGRESSIVE;
				CLANG_WARN_UNREACHABLE_CODE = YES;
				CLANG_WARN__DUPLICATE_METHOD_MATCH = YES;
				COPY_PHASE_STRIP = NO;
				DEBUG_INFORMATION_FORMAT = dwarf;
				ENABLE_STRICT_OBJC_MSGSEND = YES;
				ENABLE_TESTABILITY = YES;
				GCC_C_LANGUAGE_STANDARD = gnu11;
				GCC_DYNAMIC_NO_PIC = NO;
				GCC_NO_COMMON_BLOCKS = YES;
				GCC_OPTIMIZATION_LEVEL = 0;
				GCC_PREPROCESSOR_DEFINITIONS = (
					"DEBUG=1",
					"$(inherited)",
				);
				GCC_WARN_64_TO_32_BIT_CONVERSION = YES;
				GCC_WARN_ABOUT_RETURN_TYPE = YES_ERROR;
				GCC_WARN_UNDECLARED_SELECTOR = YES;
				GCC_WARN_UNINITIALIZED_AUTOS = YES_AGGRESSIVE;
				GCC_WARN_UNUSED_FUNCTION = YES;
				GCC_WARN_UNUSED_VARIABLE = YES;
				IPHONEOS_DEPLOYMENT_TARGET = 15.5;
				MTL_ENABLE_DEBUG_INFO = INCLUDE_SOURCE;
				MTL_FAST_MATH = YES;
				ONLY_ACTIVE_ARCH = YES;
				SDKROOT = iphoneos;
				SWIFT_ACTIVE_COMPILATION_CONDITIONS = DEBUG;
				SWIFT_OPTIMIZATION_LEVEL = "-Onone";
			};
			name = Debug;
		};
		91D37A3E286DDE6D003FD663 /* Release */ = {
			isa = XCBuildConfiguration;
			buildSettings = {
				ALWAYS_SEARCH_USER_PATHS = NO;
				CLANG_ANALYZER_NONNULL = YES;
				CLANG_ANALYZER_NUMBER_OBJECT_CONVERSION = YES_AGGRESSIVE;
				CLANG_CXX_LANGUAGE_STANDARD = "gnu++17";
				CLANG_ENABLE_MODULES = YES;
				CLANG_ENABLE_OBJC_ARC = YES;
				CLANG_ENABLE_OBJC_WEAK = YES;
				CLANG_WARN_BLOCK_CAPTURE_AUTORELEASING = YES;
				CLANG_WARN_BOOL_CONVERSION = YES;
				CLANG_WARN_COMMA = YES;
				CLANG_WARN_CONSTANT_CONVERSION = YES;
				CLANG_WARN_DEPRECATED_OBJC_IMPLEMENTATIONS = YES;
				CLANG_WARN_DIRECT_OBJC_ISA_USAGE = YES_ERROR;
				CLANG_WARN_DOCUMENTATION_COMMENTS = YES;
				CLANG_WARN_EMPTY_BODY = YES;
				CLANG_WARN_ENUM_CONVERSION = YES;
				CLANG_WARN_INFINITE_RECURSION = YES;
				CLANG_WARN_INT_CONVERSION = YES;
				CLANG_WARN_NON_LITERAL_NULL_CONVERSION = YES;
				CLANG_WARN_OBJC_IMPLICIT_RETAIN_SELF = YES;
				CLANG_WARN_OBJC_LITERAL_CONVERSION = YES;
				CLANG_WARN_OBJC_ROOT_CLASS = YES_ERROR;
				CLANG_WARN_QUOTED_INCLUDE_IN_FRAMEWORK_HEADER = YES;
				CLANG_WARN_RANGE_LOOP_ANALYSIS = YES;
				CLANG_WARN_STRICT_PROTOTYPES = YES;
				CLANG_WARN_SUSPICIOUS_MOVE = YES;
				CLANG_WARN_UNGUARDED_AVAILABILITY = YES_AGGRESSIVE;
				CLANG_WARN_UNREACHABLE_CODE = YES;
				CLANG_WARN__DUPLICATE_METHOD_MATCH = YES;
				COPY_PHASE_STRIP = NO;
				DEBUG_INFORMATION_FORMAT = "dwarf-with-dsym";
				ENABLE_NS_ASSERTIONS = NO;
				ENABLE_STRICT_OBJC_MSGSEND = YES;
				GCC_C_LANGUAGE_STANDARD = gnu11;
				GCC_NO_COMMON_BLOCKS = YES;
				GCC_WARN_64_TO_32_BIT_CONVERSION = YES;
				GCC_WARN_ABOUT_RETURN_TYPE = YES_ERROR;
				GCC_WARN_UNDECLARED_SELECTOR = YES;
				GCC_WARN_UNINITIALIZED_AUTOS = YES_AGGRESSIVE;
				GCC_WARN_UNUSED_FUNCTION = YES;
				GCC_WARN_UNUSED_VARIABLE = YES;
				IPHONEOS_DEPLOYMENT_TARGET = 15.5;
				MTL_ENABLE_DEBUG_INFO = NO;
				MTL_FAST_MATH = YES;
				SDKROOT = iphoneos;
				SWIFT_COMPILATION_MODE = wholemodule;
				SWIFT_OPTIMIZATION_LEVEL = "-O";
				VALIDATE_PRODUCT = YES;
			};
			name = Release;
		};
		91D37A40286DDE6D003FD663 /* Debug */ = {
			isa = XCBuildConfiguration;
			buildSettings = {
				ASSETCATALOG_COMPILER_APPICON_NAME = AppIcon;
				ASSETCATALOG_COMPILER_GLOBAL_ACCENT_COLOR_NAME = AccentColor;
				CODE_SIGN_STYLE = Automatic;
				CURRENT_PROJECT_VERSION = 1;
				DEVELOPMENT_TEAM = TY2SN3XR6M;
				GENERATE_INFOPLIST_FILE = YES;
				INFOPLIST_FILE = tableViews/Info.plist;
				INFOPLIST_KEY_UIApplicationSupportsIndirectInputEvents = YES;
				INFOPLIST_KEY_UILaunchStoryboardName = LaunchScreen;
				INFOPLIST_KEY_UIMainStoryboardFile = Main;
				INFOPLIST_KEY_UISupportedInterfaceOrientations_iPad = "UIInterfaceOrientationPortrait UIInterfaceOrientationPortraitUpsideDown UIInterfaceOrientationLandscapeLeft UIInterfaceOrientationLandscapeRight";
				INFOPLIST_KEY_UISupportedInterfaceOrientations_iPhone = "UIInterfaceOrientationPortrait UIInterfaceOrientationLandscapeLeft UIInterfaceOrientationLandscapeRight";
				LD_RUNPATH_SEARCH_PATHS = (
					"$(inherited)",
					"@executable_path/Frameworks",
				);
				MARKETING_VERSION = 1.0;
				PRODUCT_BUNDLE_IDENTIFIER = me.tableViewsnatan;
				PRODUCT_NAME = "$(TARGET_NAME)";
				SWIFT_EMIT_LOC_STRINGS = YES;
				SWIFT_VERSION = 5.0;
				TARGETED_DEVICE_FAMILY = "1,2";
			};
			name = Debug;
		};
		91D37A41286DDE6D003FD663 /* Release */ = {
			isa = XCBuildConfiguration;
			buildSettings = {
				ASSETCATALOG_COMPILER_APPICON_NAME = AppIcon;
				ASSETCATALOG_COMPILER_GLOBAL_ACCENT_COLOR_NAME = AccentColor;
				CODE_SIGN_STYLE = Automatic;
				CURRENT_PROJECT_VERSION = 1;
				DEVELOPMENT_TEAM = TY2SN3XR6M;
				GENERATE_INFOPLIST_FILE = YES;
				INFOPLIST_FILE = tableViews/Info.plist;
				INFOPLIST_KEY_UIApplicationSupportsIndirectInputEvents = YES;
				INFOPLIST_KEY_UILaunchStoryboardName = LaunchScreen;
				INFOPLIST_KEY_UIMainStoryboardFile = Main;
				INFOPLIST_KEY_UISupportedInterfaceOrientations_iPad = "UIInterfaceOrientationPortrait UIInterfaceOrientationPortraitUpsideDown UIInterfaceOrientationLandscapeLeft UIInterfaceOrientationLandscapeRight";
				INFOPLIST_KEY_UISupportedInterfaceOrientations_iPhone = "UIInterfaceOrientationPortrait UIInterfaceOrientationLandscapeLeft UIInterfaceOrientationLandscapeRight";
				LD_RUNPATH_SEARCH_PATHS = (
					"$(inherited)",
					"@executable_path/Frameworks",
				);
				MARKETING_VERSION = 1.0;
				PRODUCT_BUNDLE_IDENTIFIER = me.tableViewsnatan;
				PRODUCT_NAME = "$(TARGET_NAME)";
				SWIFT_EMIT_LOC_STRINGS = YES;
				SWIFT_VERSION = 5.0;
				TARGETED_DEVICE_FAMILY = "1,2";
			};
			name = Release;
		};
/* End XCBuildConfiguration section */

/* Begin XCConfigurationList section */
		91D37A26286DDE6C003FD663 /* Build configuration list for PBXProject "tableViews" */ = {
			isa = XCConfigurationList;
			buildConfigurations = (
				91D37A3D286DDE6D003FD663 /* Debug */,
				91D37A3E286DDE6D003FD663 /* Release */,
			);
			defaultConfigurationIsVisible = 0;
			defaultConfigurationName = Release;
		};
		91D37A3F286DDE6D003FD663 /* Build configuration list for PBXNativeTarget "tableViews" */ = {
			isa = XCConfigurationList;
			buildConfigurations = (
				91D37A40286DDE6D003FD663 /* Debug */,
				91D37A41286DDE6D003FD663 /* Release */,
			);
			defaultConfigurationIsVisible = 0;
			defaultConfigurationName = Release;
		};
/* End XCConfigurationList section */
	};
	rootObject = 91D37A23286DDE6C003FD663 /* Project object */;
}
